// !$*UTF8*$!
{
	archiveVersion = 1;
	classes = {
	};
	objectVersion = 46;
	objects = {

/* Begin PBXBuildFile section */
		F9CFC91A1C337E7900AE7255 /* main.m in Sources */ = {isa = PBXBuildFile; fileRef = F9CFC9191C337E7900AE7255 /* main.m */; };
		F9CFC9251C337F1F00AE7255 /* NSString+isPhoneNumber.m in Sources */ = {isa = PBXBuildFile; fileRef = F9CFC9241C337F1F00AE7255 /* NSString+isPhoneNumber.m */; };
/* End PBXBuildFile section */

/* Begin PBXCopyFilesBuildPhase section */
		F9CFC9141C337E7900AE7255 /* CopyFiles */ = {
			isa = PBXCopyFilesBuildPhase;
			buildActionMask = 2147483647;
			dstPath = /usr/share/man/man1/;
			dstSubfolderSpec = 0;
			files = (
			);
			runOnlyForDeploymentPostprocessing = 1;
		};
/* End PBXCopyFilesBuildPhase section */

/* Begin PBXFileReference section */
		F9CFC9161C337E7900AE7255 /* 03-手机号码验证 */ = {isa = PBXFileReference; explicitFileType = "compiled.mach-o.executable"; includeInIndex = 0; path = "03-手机号码验证"; sourceTree = BUILT_PRODUCTS_DIR; };
		F9CFC9191C337E7900AE7255 /* main.m */ = {isa = PBXFileReference; lastKnownFileType = sourcecode.c.objc; path = main.m; sourceTree = "<group>"; };
		F9CFC9231C337F1F00AE7255 /* NSString+isPhoneNumber.h */ = {isa = PBXFileReference; fileEncoding = 4; lastKnownFileType = sourcecode.c.h; name = "NSString+isPhoneNumber.h"; path = "../NSString+isPhoneNumber.h"; sourceTree = "<group>"; };
		F9CFC9241C337F1F00AE7255 /* NSString+isPhoneNumber.m */ = {isa = PBXFileReference; fileEncoding = 4; lastKnownFileType = sourcecode.c.objc; name = "NSString+isPhoneNumber.m"; path = "../NSString+isPhoneNumber.m"; sourceTree = "<group>"; };
/* End PBXFileReference section */

/* Begin PBXFrameworksBuildPhase section */
		F9CFC9131C337E7900AE7255 /* Frameworks */ = {
			isa = PBXFrameworksBuildPhase;
			buildActionMask = 2147483647;
			files = (
			);
			runOnlyForDeploymentPostprocessing = 0;
		};
/* End PBXFrameworksBuildPhase section */

/* Begin PBXGroup section */
		F9CFC90D1C337E7900AE7255 = {
			isa = PBXGroup;
			children = (
				F9CFC9181C337E7900AE7255 /* 03-手机号码验证 */,
				F9CFC9171C337E7900AE7255 /* Products */,
			);
			sourceTree = "<group>";
		};
		F9CFC9171C337E7900AE7255 /* Products */ = {
			isa = PBXGroup;
			children = (
				F9CFC9161C337E7900AE7255 /* 03-手机号码验证 */,
			);
			name = Products;
			sourceTree = "<group>";
		};
		F9CFC9181C337E7900AE7255 /* 03-手机号码验证 */ = {
			isa = PBXGroup;
			children = (
				F9CFC9231C337F1F00AE7255 /* NSString+isPhoneNumber.h */,
				F9CFC9241C337F1F00AE7255 /* NSString+isPhoneNumber.m */,
				F9CFC9191C337E7900AE7255 /* main.m */,
			);
			path = "03-手机号码验证";
			sourceTree = "<group>";
		};
/* End PBXGroup section */

/* Begin PBXNativeTarget section */
		F9CFC9151C337E7900AE7255 /* 03-手机号码验证 */ = {
			isa = PBXNativeTarget;
			buildConfigurationList = F9CFC91D1C337E7900AE7255 /* Build configuration list for PBXNativeTarget "03-手机号码验证" */;
			buildPhases = (
				F9CFC9121C337E7900AE7255 /* Sources */,
				F9CFC9131C337E7900AE7255 /* Frameworks */,
				F9CFC9141C337E7900AE7255 /* CopyFiles */,
			);
			buildRules = (
			);
			dependencies = (
			);
			name = "03-手机号码验证";
			productName = "03-手机号码验证";
			productReference = F9CFC9161C337E7900AE7255 /* 03-手机号码验证 */;
			productType = "com.apple.product-type.tool";
		};
/* End PBXNativeTarget section */

/* Begin PBXProject section */
		F9CFC90E1C337E7900AE7255 /* Project object */ = {
			isa = PBXProject;
			attributes = {
				LastUpgradeCheck = 0710;
				ORGANIZATIONNAME = "十安科技";
				TargetAttributes = {
					F9CFC9151C337E7900AE7255 = {
						CreatedOnToolsVersion = 7.1.1;
					};
				};
			};
			buildConfigurationList = F9CFC9111C337E7900AE7255 /* Build configuration list for PBXProject "03-手机号码验证" */;
			compatibilityVersion = "Xcode 3.2";
			developmentRegion = English;
			hasScannedForEncodings = 0;
			knownRegions = (
				en,
			);
			mainGroup = F9CFC90D1C337E7900AE7255;
			productRefGroup = F9CFC9171C337E7900AE7255 /* Products */;
			projectDirPath = "";
			projectRoot = "";
			targets = (
				F9CFC9151C337E7900AE7255 /* 03-手机号码验证 */,
			);
		};
/* End PBXProject section */

/* Begin PBXSourcesBuildPhase section */
		F9CFC9121C337E7900AE7255 /* Sources */ = {
			isa = PBXSourcesBuildPhase;
			buildActionMask = 2147483647;
			files = (
				F9CFC91A1C337E7900AE7255 /* main.m in Sources */,
				F9CFC9251C337F1F00AE7255 /* NSString+isPhoneNumber.m in Sources */,
			);
			runOnlyForDeploymentPostprocessing = 0;
		};
/* End PBXSourcesBuildPhase section */

/* Begin XCBuildConfiguration section */
		F9CFC91B1C337E7900AE7255 /* Debug */ = {
			isa = XCBuildConfiguration;
			buildSettings = {
				ALWAYS_SEARCH_USER_PATHS = NO;
				CLANG_CXX_LANGUAGE_STANDARD = "gnu++0x";
				CLANG_CXX_LIBRARY = "libc++";
				CLANG_ENABLE_MODULES = YES;
				CLANG_ENABLE_OBJC_ARC = YES;
				CLANG_WARN_BOOL_CONVERSION = YES;
				CLANG_WARN_CONSTANT_CONVERSION = YES;
				CLANG_WARN_DIRECT_OBJC_ISA_USAGE = YES_ERROR;
				CLANG_WARN_EMPTY_BODY = YES;
				CLANG_WARN_ENUM_CONVERSION = YES;
				CLANG_WARN_INT_CONVERSION = YES;
				CLANG_WARN_OBJC_ROOT_CLASS = YES_ERROR;
				CLANG_WARN_UNREACHABLE_CODE = YES;
				CLANG_WARN__DUPLICATE_METHOD_MATCH = YES;
				CODE_SIGN_IDENTITY = "-";
				COPY_PHASE_STRIP = NO;
				DEBUG_INFORMATION_FORMAT = dwarf;
				ENABLE_STRICT_OBJC_MSGSEND = YES;
				ENABLE_TESTABILITY = YES;
				GCC_C_LANGUAGE_STANDARD = gnu99;
				GCC_DYNAMIC_NO_PIC = NO;
				GCC_NO_COMMON_BLOCKS = YES;
				GCC_OPTIMIZATION_LEVEL = 0;
				GCC_PREPROCESSOR_DEFINITIONS = (
					"DEBUG=1",
					"$(inherited)",
				);
				GCC_WARN_64_TO_32_BIT_CONVERSION = YES;
				GCC_WARN_ABOUT_RETURN_TYPE = YES_ERROR;
				GCC_WARN_UNDECLARED_SELECTOR = YES;
				GCC_WARN_UNINITIALIZED_AUTOS = YES_AGGRESSIVE;
				GCC_WARN_UNUSED_FUNCTION = YES;
				GCC_WARN_UNUSED_VARIABLE = YES;
				MACOSX_DEPLOYMENT_TARGET = 10.10;
				MTL_ENABLE_DEBUG_INFO = YES;
				ONLY_ACTIVE_ARCH = YES;
				SDKROOT = macosx;
			};
			name = Debug;
		};
		F9CFC91C1C337E7900AE7255 /* Release */ = {
			isa = XCBuildConfiguration;
			buildSettings = {
				ALWAYS_SEARCH_USER_PATHS = NO;
				CLANG_CXX_LANGUAGE_STANDARD = "gnu++0x";
				CLANG_CXX_LIBRARY = "libc++";
				CLANG_ENABLE_MODULES = YES;
				CLANG_ENABLE_OBJC_ARC = YES;
				CLANG_WARN_BOOL_CONVERSION = YES;
				CLANG_WARN_CONSTANT_CONVERSION = YES;
				CLANG_WARN_DIRECT_OBJC_ISA_USAGE = YES_ERROR;
				CLANG_WARN_EMPTY_BODY = YES;
				CLANG_WARN_ENUM_CONVERSION = YES;
				CLANG_WARN_INT_CONVERSION = YES;
				CLANG_WARN_OBJC_ROOT_CLASS = YES_ERROR;
				CLANG_WARN_UNREACHABLE_CODE = YES;
				CLANG_WARN__DUPLICATE_METHOD_MATCH = YES;
				CODE_SIGN_IDENTITY = "-";
				COPY_PHASE_STRIP = NO;
				DEBUG_INFORMATION_FORMAT = "dwarf-with-dsym";
				ENABLE_NS_ASSERTIONS = NO;
				ENABLE_STRICT_OBJC_MSGSEND = YES;
				GCC_C_LANGUAGE_STANDARD = gnu99;
				GCC_NO_COMMON_BLOCKS = YES;
				GCC_WARN_64_TO_32_BIT_CONVERSION = YES;
				GCC_WARN_ABOUT_RETURN_TYPE = YES_ERROR;
				GCC_WARN_UNDECLARED_SELECTOR = YES;
				GCC_WARN_UNINITIALIZED_AUTOS = YES_AGGRESSIVE;
				GCC_WARN_UNUSED_FUNCTION = YES;
				GCC_WARN_UNUSED_VARIABLE = YES;
				MACOSX_DEPLOYMENT_TARGET = 10.10;
				MTL_ENABLE_DEBUG_INFO = NO;
				SDKROOT = macosx;
			};
			name = Release;
		};
		F9CFC91E1C337E7900AE7255 /* Debug */ = {
			isa = XCBuildConfiguration;
			buildSettings = {
				PRODUCT_NAME = "$(TARGET_NAME)";
			};
			name = Debug;
		};
		F9CFC91F1C337E7900AE7255 /* Release */ = {
			isa = XCBuildConfiguration;
			buildSettings = {
				PRODUCT_NAME = "$(TARGET_NAME)";
			};
			name = Release;
		};
/* End XCBuildConfiguration section */

/* Begin XCConfigurationList section */
		F9CFC9111C337E7900AE7255 /* Build configuration list for PBXProject "03-手机号码验证" */ = {
			isa = XCConfigurationList;
			buildConfigurations = (
				F9CFC91B1C337E7900AE7255 /* Debug */,
				F9CFC91C1C337E7900AE7255 /* Release */,
			);
			defaultConfigurationIsVisible = 0;
			defaultConfigurationName = Release;
		};
		F9CFC91D1C337E7900AE7255 /* Build configuration list for PBXNativeTarget "03-手机号码验证" */ = {
			isa = XCConfigurationList;
			buildConfigurations = (
				F9CFC91E1C337E7900AE7255 /* Debug */,
				F9CFC91F1C337E7900AE7255 /* Release */,
			);
			defaultConfigurationIsVisible = 0;
		};
/* End XCConfigurationList section */
	};
	rootObject = F9CFC90E1C337E7900AE7255 /* Project object */;
}
