// !$*UTF8*$!
{
	archiveVersion = 1;
	classes = {
	};
	objectVersion = 46;
	objects = {

/* Begin PBXBuildFile section */
		F98635591C895A4C00DFBABE /* main.m in Sources */ = {isa = PBXBuildFile; fileRef = F98635581C895A4C00DFBABE /* main.m */; };
		F986355C1C895A4C00DFBABE /* AppDelegate.m in Sources */ = {isa = PBXBuildFile; fileRef = F986355B1C895A4C00DFBABE /* AppDelegate.m */; };
		F986355F1C895A4C00DFBABE /* ViewController.m in Sources */ = {isa = PBXBuildFile; fileRef = F986355E1C895A4C00DFBABE /* ViewController.m */; };
		F98635621C895A4C00DFBABE /* Main.storyboard in Resources */ = {isa = PBXBuildFile; fileRef = F98635601C895A4C00DFBABE /* Main.storyboard */; };
		F98635641C895A4C00DFBABE /* Assets.xcassets in Resources */ = {isa = PBXBuildFile; fileRef = F98635631C895A4C00DFBABE /* Assets.xcassets */; };
		F98635671C895A4C00DFBABE /* LaunchScreen.storyboard in Resources */ = {isa = PBXBuildFile; fileRef = F98635651C895A4C00DFBABE /* LaunchScreen.storyboard */; };
		F98635701C895ED700DFBABE /* UserInfo.m in Sources */ = {isa = PBXBuildFile; fileRef = F986356F1C895ED700DFBABE /* UserInfo.m */; };
/* End PBXBuildFile section */

/* Begin PBXFileReference section */
		F98635541C895A4C00DFBABE /* 05-线程安全.app */ = {isa = PBXFileReference; explicitFileType = wrapper.application; includeInIndex = 0; path = "05-线程安全.app"; sourceTree = BUILT_PRODUCTS_DIR; };
		F98635581C895A4C00DFBABE /* main.m */ = {isa = PBXFileReference; lastKnownFileType = sourcecode.c.objc; path = main.m; sourceTree = "<group>"; };
		F986355A1C895A4C00DFBABE /* AppDelegate.h */ = {isa = PBXFileReference; lastKnownFileType = sourcecode.c.h; path = AppDelegate.h; sourceTree = "<group>"; };
		F986355B1C895A4C00DFBABE /* AppDelegate.m */ = {isa = PBXFileReference; lastKnownFileType = sourcecode.c.objc; path = AppDelegate.m; sourceTree = "<group>"; };
		F986355D1C895A4C00DFBABE /* ViewController.h */ = {isa = PBXFileReference; lastKnownFileType = sourcecode.c.h; path = ViewController.h; sourceTree = "<group>"; };
		F986355E1C895A4C00DFBABE /* ViewController.m */ = {isa = PBXFileReference; lastKnownFileType = sourcecode.c.objc; path = ViewController.m; sourceTree = "<group>"; };
		F98635611C895A4C00DFBABE /* Base */ = {isa = PBXFileReference; lastKnownFileType = file.storyboard; name = Base; path = Base.lproj/Main.storyboard; sourceTree = "<group>"; };
		F98635631C895A4C00DFBABE /* Assets.xcassets */ = {isa = PBXFileReference; lastKnownFileType = folder.assetcatalog; path = Assets.xcassets; sourceTree = "<group>"; };
		F98635661C895A4C00DFBABE /* Base */ = {isa = PBXFileReference; lastKnownFileType = file.storyboard; name = Base; path = Base.lproj/LaunchScreen.storyboard; sourceTree = "<group>"; };
		F98635681C895A4C00DFBABE /* Info.plist */ = {isa = PBXFileReference; lastKnownFileType = text.plist.xml; path = Info.plist; sourceTree = "<group>"; };
		F986356E1C895ED700DFBABE /* UserInfo.h */ = {isa = PBXFileReference; fileEncoding = 4; lastKnownFileType = sourcecode.c.h; path = UserInfo.h; sourceTree = "<group>"; };
		F986356F1C895ED700DFBABE /* UserInfo.m */ = {isa = PBXFileReference; fileEncoding = 4; lastKnownFileType = sourcecode.c.objc; path = UserInfo.m; sourceTree = "<group>"; };
/* End PBXFileReference section */

/* Begin PBXFrameworksBuildPhase section */
		F98635511C895A4C00DFBABE /* Frameworks */ = {
			isa = PBXFrameworksBuildPhase;
			buildActionMask = 2147483647;
			files = (
			);
			runOnlyForDeploymentPostprocessing = 0;
		};
/* End PBXFrameworksBuildPhase section */

/* Begin PBXGroup section */
		F986354B1C895A4C00DFBABE = {
			isa = PBXGroup;
			children = (
				F98635561C895A4C00DFBABE /* 05-线程安全 */,
				F98635551C895A4C00DFBABE /* Products */,
			);
			sourceTree = "<group>";
		};
		F98635551C895A4C00DFBABE /* Products */ = {
			isa = PBXGroup;
			children = (
				F98635541C895A4C00DFBABE /* 05-线程安全.app */,
			);
			name = Products;
			sourceTree = "<group>";
		};
		F98635561C895A4C00DFBABE /* 05-线程安全 */ = {
			isa = PBXGroup;
			children = (
				F986355A1C895A4C00DFBABE /* AppDelegate.h */,
				F986355B1C895A4C00DFBABE /* AppDelegate.m */,
				F986355D1C895A4C00DFBABE /* ViewController.h */,
				F986355E1C895A4C00DFBABE /* ViewController.m */,
				F986356E1C895ED700DFBABE /* UserInfo.h */,
				F986356F1C895ED700DFBABE /* UserInfo.m */,
				F98635601C895A4C00DFBABE /* Main.storyboard */,
				F98635631C895A4C00DFBABE /* Assets.xcassets */,
				F98635651C895A4C00DFBABE /* LaunchScreen.storyboard */,
				F98635681C895A4C00DFBABE /* Info.plist */,
				F98635571C895A4C00DFBABE /* Supporting Files */,
			);
			path = "05-线程安全";
			sourceTree = "<group>";
		};
		F98635571C895A4C00DFBABE /* Supporting Files */ = {
			isa = PBXGroup;
			children = (
				F98635581C895A4C00DFBABE /* main.m */,
			);
			name = "Supporting Files";
			sourceTree = "<group>";
		};
/* End PBXGroup section */

/* Begin PBXNativeTarget section */
		F98635531C895A4C00DFBABE /* 05-线程安全 */ = {
			isa = PBXNativeTarget;
			buildConfigurationList = F986356B1C895A4C00DFBABE /* Build configuration list for PBXNativeTarget "05-线程安全" */;
			buildPhases = (
				F98635501C895A4C00DFBABE /* Sources */,
				F98635511C895A4C00DFBABE /* Frameworks */,
				F98635521C895A4C00DFBABE /* Resources */,
			);
			buildRules = (
			);
			dependencies = (
			);
			name = "05-线程安全";
			productName = "05-线程安全";
			productReference = F98635541C895A4C00DFBABE /* 05-线程安全.app */;
			productType = "com.apple.product-type.application";
		};
/* End PBXNativeTarget section */

/* Begin PBXProject section */
		F986354C1C895A4C00DFBABE /* Project object */ = {
			isa = PBXProject;
			attributes = {
				LastUpgradeCheck = 0710;
				ORGANIZATIONNAME = "十安科技";
				TargetAttributes = {
					F98635531C895A4C00DFBABE = {
						CreatedOnToolsVersion = 7.1.1;
					};
				};
			};
			buildConfigurationList = F986354F1C895A4C00DFBABE /* Build configuration list for PBXProject "05-线程安全" */;
			compatibilityVersion = "Xcode 3.2";
			developmentRegion = English;
			hasScannedForEncodings = 0;
			knownRegions = (
				en,
				Base,
			);
			mainGroup = F986354B1C895A4C00DFBABE;
			productRefGroup = F98635551C895A4C00DFBABE /* Products */;
			projectDirPath = "";
			projectRoot = "";
			targets = (
				F98635531C895A4C00DFBABE /* 05-线程安全 */,
			);
		};
/* End PBXProject section */

/* Begin PBXResourcesBuildPhase section */
		F98635521C895A4C00DFBABE /* Resources */ = {
			isa = PBXResourcesBuildPhase;
			buildActionMask = 2147483647;
			files = (
				F98635671C895A4C00DFBABE /* LaunchScreen.storyboard in Resources */,
				F98635641C895A4C00DFBABE /* Assets.xcassets in Resources */,
				F98635621C895A4C00DFBABE /* Main.storyboard in Resources */,
			);
			runOnlyForDeploymentPostprocessing = 0;
		};
/* End PBXResourcesBuildPhase section */

/* Begin PBXSourcesBuildPhase section */
		F98635501C895A4C00DFBABE /* Sources */ = {
			isa = PBXSourcesBuildPhase;
			buildActionMask = 2147483647;
			files = (
				F98635701C895ED700DFBABE /* UserInfo.m in Sources */,
				F986355F1C895A4C00DFBABE /* ViewController.m in Sources */,
				F986355C1C895A4C00DFBABE /* AppDelegate.m in Sources */,
				F98635591C895A4C00DFBABE /* main.m in Sources */,
			);
			runOnlyForDeploymentPostprocessing = 0;
		};
/* End PBXSourcesBuildPhase section */

/* Begin PBXVariantGroup section */
		F98635601C895A4C00DFBABE /* Main.storyboard */ = {
			isa = PBXVariantGroup;
			children = (
				F98635611C895A4C00DFBABE /* Base */,
			);
			name = Main.storyboard;
			sourceTree = "<group>";
		};
		F98635651C895A4C00DFBABE /* LaunchScreen.storyboard */ = {
			isa = PBXVariantGroup;
			children = (
				F98635661C895A4C00DFBABE /* Base */,
			);
			name = LaunchScreen.storyboard;
			sourceTree = "<group>";
		};
/* End PBXVariantGroup section */

/* Begin XCBuildConfiguration section */
		F98635691C895A4C00DFBABE /* Debug */ = {
			isa = XCBuildConfiguration;
			buildSettings = {
				ALWAYS_SEARCH_USER_PATHS = NO;
				CLANG_CXX_LANGUAGE_STANDARD = "gnu++0x";
				CLANG_CXX_LIBRARY = "libc++";
				CLANG_ENABLE_MODULES = YES;
				CLANG_ENABLE_OBJC_ARC = YES;
				CLANG_WARN_BOOL_CONVERSION = YES;
				CLANG_WARN_CONSTANT_CONVERSION = YES;
				CLANG_WARN_DIRECT_OBJC_ISA_USAGE = YES_ERROR;
				CLANG_WARN_EMPTY_BODY = YES;
				CLANG_WARN_ENUM_CONVERSION = YES;
				CLANG_WARN_INT_CONVERSION = YES;
				CLANG_WARN_OBJC_ROOT_CLASS = YES_ERROR;
				CLANG_WARN_UNREACHABLE_CODE = YES;
				CLANG_WARN__DUPLICATE_METHOD_MATCH = YES;
				"CODE_SIGN_IDENTITY[sdk=iphoneos*]" = "iPhone Developer";
				COPY_PHASE_STRIP = NO;
				DEBUG_INFORMATION_FORMAT = dwarf;
				ENABLE_STRICT_OBJC_MSGSEND = YES;
				ENABLE_TESTABILITY = YES;
				GCC_C_LANGUAGE_STANDARD = gnu99;
				GCC_DYNAMIC_NO_PIC = NO;
				GCC_NO_COMMON_BLOCKS = YES;
				GCC_OPTIMIZATION_LEVEL = 0;
				GCC_PREPROCESSOR_DEFINITIONS = (
					"DEBUG=1",
					"$(inherited)",
				);
				GCC_WARN_64_TO_32_BIT_CONVERSION = YES;
				GCC_WARN_ABOUT_RETURN_TYPE = YES_ERROR;
				GCC_WARN_UNDECLARED_SELECTOR = YES;
				GCC_WARN_UNINITIALIZED_AUTOS = YES_AGGRESSIVE;
				GCC_WARN_UNUSED_FUNCTION = YES;
				GCC_WARN_UNUSED_VARIABLE = YES;
				IPHONEOS_DEPLOYMENT_TARGET = 9.1;
				MTL_ENABLE_DEBUG_INFO = YES;
				ONLY_ACTIVE_ARCH = YES;
				SDKROOT = iphoneos;
			};
			name = Debug;
		};
		F986356A1C895A4C00DFBABE /* Release */ = {
			isa = XCBuildConfiguration;
			buildSettings = {
				ALWAYS_SEARCH_USER_PATHS = NO;
				CLANG_CXX_LANGUAGE_STANDARD = "gnu++0x";
				CLANG_CXX_LIBRARY = "libc++";
				CLANG_ENABLE_MODULES = YES;
				CLANG_ENABLE_OBJC_ARC = YES;
				CLANG_WARN_BOOL_CONVERSION = YES;
				CLANG_WARN_CONSTANT_CONVERSION = YES;
				CLANG_WARN_DIRECT_OBJC_ISA_USAGE = YES_ERROR;
				CLANG_WARN_EMPTY_BODY = YES;
				CLANG_WARN_ENUM_CONVERSION = YES;
				CLANG_WARN_INT_CONVERSION = YES;
				CLANG_WARN_OBJC_ROOT_CLASS = YES_ERROR;
				CLANG_WARN_UNREACHABLE_CODE = YES;
				CLANG_WARN__DUPLICATE_METHOD_MATCH = YES;
				"CODE_SIGN_IDENTITY[sdk=iphoneos*]" = "iPhone Developer";
				COPY_PHASE_STRIP = NO;
				DEBUG_INFORMATION_FORMAT = "dwarf-with-dsym";
				ENABLE_NS_ASSERTIONS = NO;
				ENABLE_STRICT_OBJC_MSGSEND = YES;
				GCC_C_LANGUAGE_STANDARD = gnu99;
				GCC_NO_COMMON_BLOCKS = YES;
				GCC_WARN_64_TO_32_BIT_CONVERSION = YES;
				GCC_WARN_ABOUT_RETURN_TYPE = YES_ERROR;
				GCC_WARN_UNDECLARED_SELECTOR = YES;
				GCC_WARN_UNINITIALIZED_AUTOS = YES_AGGRESSIVE;
				GCC_WARN_UNUSED_FUNCTION = YES;
				GCC_WARN_UNUSED_VARIABLE = YES;
				IPHONEOS_DEPLOYMENT_TARGET = 9.1;
				MTL_ENABLE_DEBUG_INFO = NO;
				SDKROOT = iphoneos;
				VALIDATE_PRODUCT = YES;
			};
			name = Release;
		};
		F986356C1C895A4C00DFBABE /* Debug */ = {
			isa = XCBuildConfiguration;
			buildSettings = {
				ASSETCATALOG_COMPILER_APPICON_NAME = AppIcon;
				INFOPLIST_FILE = "05-线程安全/Info.plist";
				LD_RUNPATH_SEARCH_PATHS = "$(inherited) @executable_path/Frameworks";
				PRODUCT_BUNDLE_IDENTIFIER = "www.tensApp.com.-5-----";
				PRODUCT_NAME = "$(TARGET_NAME)";
			};
			name = Debug;
		};
		F986356D1C895A4C00DFBABE /* Release */ = {
			isa = XCBuildConfiguration;
			buildSettings = {
				ASSETCATALOG_COMPILER_APPICON_NAME = AppIcon;
				INFOPLIST_FILE = "05-线程安全/Info.plist";
				LD_RUNPATH_SEARCH_PATHS = "$(inherited) @executable_path/Frameworks";
				PRODUCT_BUNDLE_IDENTIFIER = "www.tensApp.com.-5-----";
				PRODUCT_NAME = "$(TARGET_NAME)";
			};
			name = Release;
		};
/* End XCBuildConfiguration section */

/* Begin XCConfigurationList section */
		F986354F1C895A4C00DFBABE /* Build configuration list for PBXProject "05-线程安全" */ = {
			isa = XCConfigurationList;
			buildConfigurations = (
				F98635691C895A4C00DFBABE /* Debug */,
				F986356A1C895A4C00DFBABE /* Release */,
			);
			defaultConfigurationIsVisible = 0;
			defaultConfigurationName = Release;
		};
		F986356B1C895A4C00DFBABE /* Build configuration list for PBXNativeTarget "05-线程安全" */ = {
			isa = XCConfigurationList;
			buildConfigurations = (
				F986356C1C895A4C00DFBABE /* Debug */,
				F986356D1C895A4C00DFBABE /* Release */,
			);
			defaultConfigurationIsVisible = 0;
		};
/* End XCConfigurationList section */
	};
	rootObject = F986354C1C895A4C00DFBABE /* Project object */;
}
