// !$*UTF8*$!
{
	archiveVersion = 1;
	classes = {
	};
	objectVersion = 46;
	objects = {

/* Begin PBXBuildFile section */
		F9EF2E121C28DE4A002C43D4 /* main.m in Sources */ = {isa = PBXBuildFile; fileRef = F9EF2E111C28DE4A002C43D4 /* main.m */; };
		F9EF2E1A1C28DF89002C43D4 /* Person.m in Sources */ = {isa = PBXBuildFile; fileRef = F9EF2E191C28DF89002C43D4 /* Person.m */; };
/* End PBXBuildFile section */

/* Begin PBXCopyFilesBuildPhase section */
		F9EF2E0C1C28DE4A002C43D4 /* CopyFiles */ = {
			isa = PBXCopyFilesBuildPhase;
			buildActionMask = 2147483647;
			dstPath = /usr/share/man/man1/;
			dstSubfolderSpec = 0;
			files = (
			);
			runOnlyForDeploymentPostprocessing = 1;
		};
/* End PBXCopyFilesBuildPhase section */

/* Begin PBXFileReference section */
		F9EF2E0E1C28DE4A002C43D4 /* 02类的创建 */ = {isa = PBXFileReference; explicitFileType = "compiled.mach-o.executable"; includeInIndex = 0; path = "02类的创建"; sourceTree = BUILT_PRODUCTS_DIR; };
		F9EF2E111C28DE4A002C43D4 /* main.m */ = {isa = PBXFileReference; lastKnownFileType = sourcecode.c.objc; path = main.m; sourceTree = "<group>"; };
		F9EF2E181C28DF89002C43D4 /* Person.h */ = {isa = PBXFileReference; fileEncoding = 4; lastKnownFileType = sourcecode.c.h; path = Person.h; sourceTree = "<group>"; };
		F9EF2E191C28DF89002C43D4 /* Person.m */ = {isa = PBXFileReference; fileEncoding = 4; lastKnownFileType = sourcecode.c.objc; path = Person.m; sourceTree = "<group>"; };
/* End PBXFileReference section */

/* Begin PBXFrameworksBuildPhase section */
		F9EF2E0B1C28DE4A002C43D4 /* Frameworks */ = {
			isa = PBXFrameworksBuildPhase;
			buildActionMask = 2147483647;
			files = (
			);
			runOnlyForDeploymentPostprocessing = 0;
		};
/* End PBXFrameworksBuildPhase section */

/* Begin PBXGroup section */
		F9EF2E051C28DE4A002C43D4 = {
			isa = PBXGroup;
			children = (
				F9EF2E101C28DE4A002C43D4 /* 02类的创建 */,
				F9EF2E0F1C28DE4A002C43D4 /* Products */,
			);
			sourceTree = "<group>";
		};
		F9EF2E0F1C28DE4A002C43D4 /* Products */ = {
			isa = PBXGroup;
			children = (
				F9EF2E0E1C28DE4A002C43D4 /* 02类的创建 */,
			);
			name = Products;
			sourceTree = "<group>";
		};
		F9EF2E101C28DE4A002C43D4 /* 02类的创建 */ = {
			isa = PBXGroup;
			children = (
				F9EF2E111C28DE4A002C43D4 /* main.m */,
				F9EF2E181C28DF89002C43D4 /* Person.h */,
				F9EF2E191C28DF89002C43D4 /* Person.m */,
			);
			path = "02类的创建";
			sourceTree = "<group>";
		};
/* End PBXGroup section */

/* Begin PBXNativeTarget section */
		F9EF2E0D1C28DE4A002C43D4 /* 02类的创建 */ = {
			isa = PBXNativeTarget;
			buildConfigurationList = F9EF2E151C28DE4A002C43D4 /* Build configuration list for PBXNativeTarget "02类的创建" */;
			buildPhases = (
				F9EF2E0A1C28DE4A002C43D4 /* Sources */,
				F9EF2E0B1C28DE4A002C43D4 /* Frameworks */,
				F9EF2E0C1C28DE4A002C43D4 /* CopyFiles */,
			);
			buildRules = (
			);
			dependencies = (
			);
			name = "02类的创建";
			productName = "02类的创建";
			productReference = F9EF2E0E1C28DE4A002C43D4 /* 02类的创建 */;
			productType = "com.apple.product-type.tool";
		};
/* End PBXNativeTarget section */

/* Begin PBXProject section */
		F9EF2E061C28DE4A002C43D4 /* Project object */ = {
			isa = PBXProject;
			attributes = {
				LastUpgradeCheck = 0710;
				ORGANIZATIONNAME = "十安科技";
				TargetAttributes = {
					F9EF2E0D1C28DE4A002C43D4 = {
						CreatedOnToolsVersion = 7.1.1;
					};
				};
			};
			buildConfigurationList = F9EF2E091C28DE4A002C43D4 /* Build configuration list for PBXProject "02类的创建" */;
			compatibilityVersion = "Xcode 3.2";
			developmentRegion = English;
			hasScannedForEncodings = 0;
			knownRegions = (
				en,
			);
			mainGroup = F9EF2E051C28DE4A002C43D4;
			productRefGroup = F9EF2E0F1C28DE4A002C43D4 /* Products */;
			projectDirPath = "";
			projectRoot = "";
			targets = (
				F9EF2E0D1C28DE4A002C43D4 /* 02类的创建 */,
			);
		};
/* End PBXProject section */

/* Begin PBXSourcesBuildPhase section */
		F9EF2E0A1C28DE4A002C43D4 /* Sources */ = {
			isa = PBXSourcesBuildPhase;
			buildActionMask = 2147483647;
			files = (
				F9EF2E1A1C28DF89002C43D4 /* Person.m in Sources */,
				F9EF2E121C28DE4A002C43D4 /* main.m in Sources */,
			);
			runOnlyForDeploymentPostprocessing = 0;
		};
/* End PBXSourcesBuildPhase section */

/* Begin XCBuildConfiguration section */
		F9EF2E131C28DE4A002C43D4 /* Debug */ = {
			isa = XCBuildConfiguration;
			buildSettings = {
				ALWAYS_SEARCH_USER_PATHS = NO;
				CLANG_CXX_LANGUAGE_STANDARD = "gnu++0x";
				CLANG_CXX_LIBRARY = "libc++";
				CLANG_ENABLE_MODULES = YES;
				CLANG_ENABLE_OBJC_ARC = YES;
				CLANG_WARN_BOOL_CONVERSION = YES;
				CLANG_WARN_CONSTANT_CONVERSION = YES;
				CLANG_WARN_DIRECT_OBJC_ISA_USAGE = YES_ERROR;
				CLANG_WARN_EMPTY_BODY = YES;
				CLANG_WARN_ENUM_CONVERSION = YES;
				CLANG_WARN_INT_CONVERSION = YES;
				CLANG_WARN_OBJC_ROOT_CLASS = YES_ERROR;
				CLANG_WARN_UNREACHABLE_CODE = YES;
				CLANG_WARN__DUPLICATE_METHOD_MATCH = YES;
				CODE_SIGN_IDENTITY = "-";
				COPY_PHASE_STRIP = NO;
				DEBUG_INFORMATION_FORMAT = dwarf;
				ENABLE_STRICT_OBJC_MSGSEND = YES;
				ENABLE_TESTABILITY = YES;
				GCC_C_LANGUAGE_STANDARD = gnu99;
				GCC_DYNAMIC_NO_PIC = NO;
				GCC_NO_COMMON_BLOCKS = YES;
				GCC_OPTIMIZATION_LEVEL = 0;
				GCC_PREPROCESSOR_DEFINITIONS = (
					"DEBUG=1",
					"$(inherited)",
				);
				GCC_WARN_64_TO_32_BIT_CONVERSION = YES;
				GCC_WARN_ABOUT_RETURN_TYPE = YES_ERROR;
				GCC_WARN_UNDECLARED_SELECTOR = YES;
				GCC_WARN_UNINITIALIZED_AUTOS = YES_AGGRESSIVE;
				GCC_WARN_UNUSED_FUNCTION = YES;
				GCC_WARN_UNUSED_VARIABLE = YES;
				MACOSX_DEPLOYMENT_TARGET = 10.10;
				MTL_ENABLE_DEBUG_INFO = YES;
				ONLY_ACTIVE_ARCH = YES;
				SDKROOT = macosx;
			};
			name = Debug;
		};
		F9EF2E141C28DE4A002C43D4 /* Release */ = {
			isa = XCBuildConfiguration;
			buildSettings = {
				ALWAYS_SEARCH_USER_PATHS = NO;
				CLANG_CXX_LANGUAGE_STANDARD = "gnu++0x";
				CLANG_CXX_LIBRARY = "libc++";
				CLANG_ENABLE_MODULES = YES;
				CLANG_ENABLE_OBJC_ARC = YES;
				CLANG_WARN_BOOL_CONVERSION = YES;
				CLANG_WARN_CONSTANT_CONVERSION = YES;
				CLANG_WARN_DIRECT_OBJC_ISA_USAGE = YES_ERROR;
				CLANG_WARN_EMPTY_BODY = YES;
				CLANG_WARN_ENUM_CONVERSION = YES;
				CLANG_WARN_INT_CONVERSION = YES;
				CLANG_WARN_OBJC_ROOT_CLASS = YES_ERROR;
				CLANG_WARN_UNREACHABLE_CODE = YES;
				CLANG_WARN__DUPLICATE_METHOD_MATCH = YES;
				CODE_SIGN_IDENTITY = "-";
				COPY_PHASE_STRIP = NO;
				DEBUG_INFORMATION_FORMAT = "dwarf-with-dsym";
				ENABLE_NS_ASSERTIONS = NO;
				ENABLE_STRICT_OBJC_MSGSEND = YES;
				GCC_C_LANGUAGE_STANDARD = gnu99;
				GCC_NO_COMMON_BLOCKS = YES;
				GCC_WARN_64_TO_32_BIT_CONVERSION = YES;
				GCC_WARN_ABOUT_RETURN_TYPE = YES_ERROR;
				GCC_WARN_UNDECLARED_SELECTOR = YES;
				GCC_WARN_UNINITIALIZED_AUTOS = YES_AGGRESSIVE;
				GCC_WARN_UNUSED_FUNCTION = YES;
				GCC_WARN_UNUSED_VARIABLE = YES;
				MACOSX_DEPLOYMENT_TARGET = 10.10;
				MTL_ENABLE_DEBUG_INFO = NO;
				SDKROOT = macosx;
			};
			name = Release;
		};
		F9EF2E161C28DE4A002C43D4 /* Debug */ = {
			isa = XCBuildConfiguration;
			buildSettings = {
				PRODUCT_NAME = "$(TARGET_NAME)";
			};
			name = Debug;
		};
		F9EF2E171C28DE4A002C43D4 /* Release */ = {
			isa = XCBuildConfiguration;
			buildSettings = {
				PRODUCT_NAME = "$(TARGET_NAME)";
			};
			name = Release;
		};
/* End XCBuildConfiguration section */

/* Begin XCConfigurationList section */
		F9EF2E091C28DE4A002C43D4 /* Build configuration list for PBXProject "02类的创建" */ = {
			isa = XCConfigurationList;
			buildConfigurations = (
				F9EF2E131C28DE4A002C43D4 /* Debug */,
				F9EF2E141C28DE4A002C43D4 /* Release */,
			);
			defaultConfigurationIsVisible = 0;
			defaultConfigurationName = Release;
		};
		F9EF2E151C28DE4A002C43D4 /* Build configuration list for PBXNativeTarget "02类的创建" */ = {
			isa = XCConfigurationList;
			buildConfigurations = (
				F9EF2E161C28DE4A002C43D4 /* Debug */,
				F9EF2E171C28DE4A002C43D4 /* Release */,
			);
			defaultConfigurationIsVisible = 0;
		};
/* End XCConfigurationList section */
	};
	rootObject = F9EF2E061C28DE4A002C43D4 /* Project object */;
}
