// !$*UTF8*$!
{
	archiveVersion = 1;
	classes = {
	};
	objectVersion = 46;
	objects = {

/* Begin PBXBuildFile section */
		74C526FF1C51BB8D003512C4 /* main.m in Sources */ = {isa = PBXBuildFile; fileRef = 74C526FE1C51BB8D003512C4 /* main.m */; };
		74C527021C51BB8D003512C4 /* AppDelegate.m in Sources */ = {isa = PBXBuildFile; fileRef = 74C527011C51BB8D003512C4 /* AppDelegate.m */; };
		74C527051C51BB8D003512C4 /* ViewController.m in Sources */ = {isa = PBXBuildFile; fileRef = 74C527041C51BB8D003512C4 /* ViewController.m */; };
		74C5270A1C51BB8E003512C4 /* Assets.xcassets in Resources */ = {isa = PBXBuildFile; fileRef = 74C527091C51BB8E003512C4 /* Assets.xcassets */; };
		74C5270D1C51BB8E003512C4 /* LaunchScreen.storyboard in Resources */ = {isa = PBXBuildFile; fileRef = 74C5270B1C51BB8E003512C4 /* LaunchScreen.storyboard */; };
		74C527181C51BB8E003512C4 /* CircleScrollViewTests.m in Sources */ = {isa = PBXBuildFile; fileRef = 74C527171C51BB8E003512C4 /* CircleScrollViewTests.m */; };
		74C527231C51BB8E003512C4 /* CircleScrollViewUITests.m in Sources */ = {isa = PBXBuildFile; fileRef = 74C527221C51BB8E003512C4 /* CircleScrollViewUITests.m */; };
/* End PBXBuildFile section */

/* Begin PBXContainerItemProxy section */
		74C527141C51BB8E003512C4 /* PBXContainerItemProxy */ = {
			isa = PBXContainerItemProxy;
			containerPortal = 74C526F21C51BB8D003512C4 /* Project object */;
			proxyType = 1;
			remoteGlobalIDString = 74C526F91C51BB8D003512C4;
			remoteInfo = CircleScrollView;
		};
		74C5271F1C51BB8E003512C4 /* PBXContainerItemProxy */ = {
			isa = PBXContainerItemProxy;
			containerPortal = 74C526F21C51BB8D003512C4 /* Project object */;
			proxyType = 1;
			remoteGlobalIDString = 74C526F91C51BB8D003512C4;
			remoteInfo = CircleScrollView;
		};
/* End PBXContainerItemProxy section */

/* Begin PBXFileReference section */
		74C526FA1C51BB8D003512C4 /* CircleScrollView.app */ = {isa = PBXFileReference; explicitFileType = wrapper.application; includeInIndex = 0; path = CircleScrollView.app; sourceTree = BUILT_PRODUCTS_DIR; };
		74C526FE1C51BB8D003512C4 /* main.m */ = {isa = PBXFileReference; lastKnownFileType = sourcecode.c.objc; path = main.m; sourceTree = "<group>"; };
		74C527001C51BB8D003512C4 /* AppDelegate.h */ = {isa = PBXFileReference; lastKnownFileType = sourcecode.c.h; path = AppDelegate.h; sourceTree = "<group>"; };
		74C527011C51BB8D003512C4 /* AppDelegate.m */ = {isa = PBXFileReference; lastKnownFileType = sourcecode.c.objc; path = AppDelegate.m; sourceTree = "<group>"; };
		74C527031C51BB8D003512C4 /* ViewController.h */ = {isa = PBXFileReference; lastKnownFileType = sourcecode.c.h; path = ViewController.h; sourceTree = "<group>"; };
		74C527041C51BB8D003512C4 /* ViewController.m */ = {isa = PBXFileReference; lastKnownFileType = sourcecode.c.objc; path = ViewController.m; sourceTree = "<group>"; };
		74C527091C51BB8E003512C4 /* Assets.xcassets */ = {isa = PBXFileReference; lastKnownFileType = folder.assetcatalog; path = Assets.xcassets; sourceTree = "<group>"; };
		74C5270C1C51BB8E003512C4 /* Base */ = {isa = PBXFileReference; lastKnownFileType = file.storyboard; name = Base; path = Base.lproj/LaunchScreen.storyboard; sourceTree = "<group>"; };
		74C5270E1C51BB8E003512C4 /* Info.plist */ = {isa = PBXFileReference; lastKnownFileType = text.plist.xml; path = Info.plist; sourceTree = "<group>"; };
		74C527131C51BB8E003512C4 /* CircleScrollViewTests.xctest */ = {isa = PBXFileReference; explicitFileType = wrapper.cfbundle; includeInIndex = 0; path = CircleScrollViewTests.xctest; sourceTree = BUILT_PRODUCTS_DIR; };
		74C527171C51BB8E003512C4 /* CircleScrollViewTests.m */ = {isa = PBXFileReference; lastKnownFileType = sourcecode.c.objc; path = CircleScrollViewTests.m; sourceTree = "<group>"; };
		74C527191C51BB8E003512C4 /* Info.plist */ = {isa = PBXFileReference; lastKnownFileType = text.plist.xml; path = Info.plist; sourceTree = "<group>"; };
		74C5271E1C51BB8E003512C4 /* CircleScrollViewUITests.xctest */ = {isa = PBXFileReference; explicitFileType = wrapper.cfbundle; includeInIndex = 0; path = CircleScrollViewUITests.xctest; sourceTree = BUILT_PRODUCTS_DIR; };
		74C527221C51BB8E003512C4 /* CircleScrollViewUITests.m */ = {isa = PBXFileReference; lastKnownFileType = sourcecode.c.objc; path = CircleScrollViewUITests.m; sourceTree = "<group>"; };
		74C527241C51BB8E003512C4 /* Info.plist */ = {isa = PBXFileReference; lastKnownFileType = text.plist.xml; path = Info.plist; sourceTree = "<group>"; };
/* End PBXFileReference section */

/* Begin PBXFrameworksBuildPhase section */
		74C526F71C51BB8D003512C4 /* Frameworks */ = {
			isa = PBXFrameworksBuildPhase;
			buildActionMask = 2147483647;
			files = (
			);
			runOnlyForDeploymentPostprocessing = 0;
		};
		74C527101C51BB8E003512C4 /* Frameworks */ = {
			isa = PBXFrameworksBuildPhase;
			buildActionMask = 2147483647;
			files = (
			);
			runOnlyForDeploymentPostprocessing = 0;
		};
		74C5271B1C51BB8E003512C4 /* Frameworks */ = {
			isa = PBXFrameworksBuildPhase;
			buildActionMask = 2147483647;
			files = (
			);
			runOnlyForDeploymentPostprocessing = 0;
		};
/* End PBXFrameworksBuildPhase section */

/* Begin PBXGroup section */
		74C526F11C51BB8D003512C4 = {
			isa = PBXGroup;
			children = (
				74C526FC1C51BB8D003512C4 /* CircleScrollView */,
				74C527161C51BB8E003512C4 /* CircleScrollViewTests */,
				74C527211C51BB8E003512C4 /* CircleScrollViewUITests */,
				74C526FB1C51BB8D003512C4 /* Products */,
			);
			sourceTree = "<group>";
		};
		74C526FB1C51BB8D003512C4 /* Products */ = {
			isa = PBXGroup;
			children = (
				74C526FA1C51BB8D003512C4 /* CircleScrollView.app */,
				74C527131C51BB8E003512C4 /* CircleScrollViewTests.xctest */,
				74C5271E1C51BB8E003512C4 /* CircleScrollViewUITests.xctest */,
			);
			name = Products;
			sourceTree = "<group>";
		};
		74C526FC1C51BB8D003512C4 /* CircleScrollView */ = {
			isa = PBXGroup;
			children = (
				74C527001C51BB8D003512C4 /* AppDelegate.h */,
				74C527011C51BB8D003512C4 /* AppDelegate.m */,
				74C527031C51BB8D003512C4 /* ViewController.h */,
				74C527041C51BB8D003512C4 /* ViewController.m */,
				74C527091C51BB8E003512C4 /* Assets.xcassets */,
				74C5270B1C51BB8E003512C4 /* LaunchScreen.storyboard */,
				74C5270E1C51BB8E003512C4 /* Info.plist */,
				74C526FD1C51BB8D003512C4 /* Supporting Files */,
			);
			path = CircleScrollView;
			sourceTree = "<group>";
		};
		74C526FD1C51BB8D003512C4 /* Supporting Files */ = {
			isa = PBXGroup;
			children = (
				74C526FE1C51BB8D003512C4 /* main.m */,
			);
			name = "Supporting Files";
			sourceTree = "<group>";
		};
		74C527161C51BB8E003512C4 /* CircleScrollViewTests */ = {
			isa = PBXGroup;
			children = (
				74C527171C51BB8E003512C4 /* CircleScrollViewTests.m */,
				74C527191C51BB8E003512C4 /* Info.plist */,
			);
			path = CircleScrollViewTests;
			sourceTree = "<group>";
		};
		74C527211C51BB8E003512C4 /* CircleScrollViewUITests */ = {
			isa = PBXGroup;
			children = (
				74C527221C51BB8E003512C4 /* CircleScrollViewUITests.m */,
				74C527241C51BB8E003512C4 /* Info.plist */,
			);
			path = CircleScrollViewUITests;
			sourceTree = "<group>";
		};
/* End PBXGroup section */

/* Begin PBXNativeTarget section */
		74C526F91C51BB8D003512C4 /* CircleScrollView */ = {
			isa = PBXNativeTarget;
			buildConfigurationList = 74C527271C51BB8E003512C4 /* Build configuration list for PBXNativeTarget "CircleScrollView" */;
			buildPhases = (
				74C526F61C51BB8D003512C4 /* Sources */,
				74C526F71C51BB8D003512C4 /* Frameworks */,
				74C526F81C51BB8D003512C4 /* Resources */,
			);
			buildRules = (
			);
			dependencies = (
			);
			name = CircleScrollView;
			productName = CircleScrollView;
			productReference = 74C526FA1C51BB8D003512C4 /* CircleScrollView.app */;
			productType = "com.apple.product-type.application";
		};
		74C527121C51BB8E003512C4 /* CircleScrollViewTests */ = {
			isa = PBXNativeTarget;
			buildConfigurationList = 74C5272A1C51BB8E003512C4 /* Build configuration list for PBXNativeTarget "CircleScrollViewTests" */;
			buildPhases = (
				74C5270F1C51BB8E003512C4 /* Sources */,
				74C527101C51BB8E003512C4 /* Frameworks */,
				74C527111C51BB8E003512C4 /* Resources */,
			);
			buildRules = (
			);
			dependencies = (
				74C527151C51BB8E003512C4 /* PBXTargetDependency */,
			);
			name = CircleScrollViewTests;
			productName = CircleScrollViewTests;
			productReference = 74C527131C51BB8E003512C4 /* CircleScrollViewTests.xctest */;
			productType = "com.apple.product-type.bundle.unit-test";
		};
		74C5271D1C51BB8E003512C4 /* CircleScrollViewUITests */ = {
			isa = PBXNativeTarget;
			buildConfigurationList = 74C5272D1C51BB8E003512C4 /* Build configuration list for PBXNativeTarget "CircleScrollViewUITests" */;
			buildPhases = (
				74C5271A1C51BB8E003512C4 /* Sources */,
				74C5271B1C51BB8E003512C4 /* Frameworks */,
				74C5271C1C51BB8E003512C4 /* Resources */,
			);
			buildRules = (
			);
			dependencies = (
				74C527201C51BB8E003512C4 /* PBXTargetDependency */,
			);
			name = CircleScrollViewUITests;
			productName = CircleScrollViewUITests;
			productReference = 74C5271E1C51BB8E003512C4 /* CircleScrollViewUITests.xctest */;
			productType = "com.apple.product-type.bundle.ui-testing";
		};
/* End PBXNativeTarget section */

/* Begin PBXProject section */
		74C526F21C51BB8D003512C4 /* Project object */ = {
			isa = PBXProject;
			attributes = {
				LastUpgradeCheck = 0710;
				ORGANIZATIONNAME = Weit;
				TargetAttributes = {
					74C526F91C51BB8D003512C4 = {
						CreatedOnToolsVersion = 7.1.1;
					};
					74C527121C51BB8E003512C4 = {
						CreatedOnToolsVersion = 7.1.1;
						TestTargetID = 74C526F91C51BB8D003512C4;
					};
					74C5271D1C51BB8E003512C4 = {
						CreatedOnToolsVersion = 7.1.1;
						TestTargetID = 74C526F91C51BB8D003512C4;
					};
				};
			};
			buildConfigurationList = 74C526F51C51BB8D003512C4 /* Build configuration list for PBXProject "CircleScrollView" */;
			compatibilityVersion = "Xcode 3.2";
			developmentRegion = English;
			hasScannedForEncodings = 0;
			knownRegions = (
				en,
				Base,
			);
			mainGroup = 74C526F11C51BB8D003512C4;
			productRefGroup = 74C526FB1C51BB8D003512C4 /* Products */;
			projectDirPath = "";
			projectRoot = "";
			targets = (
				74C526F91C51BB8D003512C4 /* CircleScrollView */,
				74C527121C51BB8E003512C4 /* CircleScrollViewTests */,
				74C5271D1C51BB8E003512C4 /* CircleScrollViewUITests */,
			);
		};
/* End PBXProject section */

/* Begin PBXResourcesBuildPhase section */
		74C526F81C51BB8D003512C4 /* Resources */ = {
			isa = PBXResourcesBuildPhase;
			buildActionMask = 2147483647;
			files = (
				74C5270D1C51BB8E003512C4 /* LaunchScreen.storyboard in Resources */,
				74C5270A1C51BB8E003512C4 /* Assets.xcassets in Resources */,
			);
			runOnlyForDeploymentPostprocessing = 0;
		};
		74C527111C51BB8E003512C4 /* Resources */ = {
			isa = PBXResourcesBuildPhase;
			buildActionMask = 2147483647;
			files = (
			);
			runOnlyForDeploymentPostprocessing = 0;
		};
		74C5271C1C51BB8E003512C4 /* Resources */ = {
			isa = PBXResourcesBuildPhase;
			buildActionMask = 2147483647;
			files = (
			);
			runOnlyForDeploymentPostprocessing = 0;
		};
/* End PBXResourcesBuildPhase section */

/* Begin PBXSourcesBuildPhase section */
		74C526F61C51BB8D003512C4 /* Sources */ = {
			isa = PBXSourcesBuildPhase;
			buildActionMask = 2147483647;
			files = (
				74C527051C51BB8D003512C4 /* ViewController.m in Sources */,
				74C527021C51BB8D003512C4 /* AppDelegate.m in Sources */,
				74C526FF1C51BB8D003512C4 /* main.m in Sources */,
			);
			runOnlyForDeploymentPostprocessing = 0;
		};
		74C5270F1C51BB8E003512C4 /* Sources */ = {
			isa = PBXSourcesBuildPhase;
			buildActionMask = 2147483647;
			files = (
				74C527181C51BB8E003512C4 /* CircleScrollViewTests.m in Sources */,
			);
			runOnlyForDeploymentPostprocessing = 0;
		};
		74C5271A1C51BB8E003512C4 /* Sources */ = {
			isa = PBXSourcesBuildPhase;
			buildActionMask = 2147483647;
			files = (
				74C527231C51BB8E003512C4 /* CircleScrollViewUITests.m in Sources */,
			);
			runOnlyForDeploymentPostprocessing = 0;
		};
/* End PBXSourcesBuildPhase section */

/* Begin PBXTargetDependency section */
		74C527151C51BB8E003512C4 /* PBXTargetDependency */ = {
			isa = PBXTargetDependency;
			target = 74C526F91C51BB8D003512C4 /* CircleScrollView */;
			targetProxy = 74C527141C51BB8E003512C4 /* PBXContainerItemProxy */;
		};
		74C527201C51BB8E003512C4 /* PBXTargetDependency */ = {
			isa = PBXTargetDependency;
			target = 74C526F91C51BB8D003512C4 /* CircleScrollView */;
			targetProxy = 74C5271F1C51BB8E003512C4 /* PBXContainerItemProxy */;
		};
/* End PBXTargetDependency section */

/* Begin PBXVariantGroup section */
		74C5270B1C51BB8E003512C4 /* LaunchScreen.storyboard */ = {
			isa = PBXVariantGroup;
			children = (
				74C5270C1C51BB8E003512C4 /* Base */,
			);
			name = LaunchScreen.storyboard;
			sourceTree = "<group>";
		};
/* End PBXVariantGroup section */

/* Begin XCBuildConfiguration section */
		74C527251C51BB8E003512C4 /* Debug */ = {
			isa = XCBuildConfiguration;
			buildSettings = {
				ALWAYS_SEARCH_USER_PATHS = NO;
				CLANG_CXX_LANGUAGE_STANDARD = "gnu++0x";
				CLANG_CXX_LIBRARY = "libc++";
				CLANG_ENABLE_MODULES = YES;
				CLANG_ENABLE_OBJC_ARC = YES;
				CLANG_WARN_BOOL_CONVERSION = YES;
				CLANG_WARN_CONSTANT_CONVERSION = YES;
				CLANG_WARN_DIRECT_OBJC_ISA_USAGE = YES_ERROR;
				CLANG_WARN_EMPTY_BODY = YES;
				CLANG_WARN_ENUM_CONVERSION = YES;
				CLANG_WARN_INT_CONVERSION = YES;
				CLANG_WARN_OBJC_ROOT_CLASS = YES_ERROR;
				CLANG_WARN_UNREACHABLE_CODE = YES;
				CLANG_WARN__DUPLICATE_METHOD_MATCH = YES;
				"CODE_SIGN_IDENTITY[sdk=iphoneos*]" = "iPhone Developer";
				COPY_PHASE_STRIP = NO;
				DEBUG_INFORMATION_FORMAT = dwarf;
				ENABLE_STRICT_OBJC_MSGSEND = YES;
				ENABLE_TESTABILITY = YES;
				GCC_C_LANGUAGE_STANDARD = gnu99;
				GCC_DYNAMIC_NO_PIC = NO;
				GCC_NO_COMMON_BLOCKS = YES;
				GCC_OPTIMIZATION_LEVEL = 0;
				GCC_PREPROCESSOR_DEFINITIONS = (
					"DEBUG=1",
					"$(inherited)",
				);
				GCC_WARN_64_TO_32_BIT_CONVERSION = YES;
				GCC_WARN_ABOUT_RETURN_TYPE = YES_ERROR;
				GCC_WARN_UNDECLARED_SELECTOR = YES;
				GCC_WARN_UNINITIALIZED_AUTOS = YES_AGGRESSIVE;
				GCC_WARN_UNUSED_FUNCTION = YES;
				GCC_WARN_UNUSED_VARIABLE = YES;
				IPHONEOS_DEPLOYMENT_TARGET = 9.1;
				MTL_ENABLE_DEBUG_INFO = YES;
				ONLY_ACTIVE_ARCH = YES;
				SDKROOT = iphoneos;
			};
			name = Debug;
		};
		74C527261C51BB8E003512C4 /* Release */ = {
			isa = XCBuildConfiguration;
			buildSettings = {
				ALWAYS_SEARCH_USER_PATHS = NO;
				CLANG_CXX_LANGUAGE_STANDARD = "gnu++0x";
				CLANG_CXX_LIBRARY = "libc++";
				CLANG_ENABLE_MODULES = YES;
				CLANG_ENABLE_OBJC_ARC = YES;
				CLANG_WARN_BOOL_CONVERSION = YES;
				CLANG_WARN_CONSTANT_CONVERSION = YES;
				CLANG_WARN_DIRECT_OBJC_ISA_USAGE = YES_ERROR;
				CLANG_WARN_EMPTY_BODY = YES;
				CLANG_WARN_ENUM_CONVERSION = YES;
				CLANG_WARN_INT_CONVERSION = YES;
				CLANG_WARN_OBJC_ROOT_CLASS = YES_ERROR;
				CLANG_WARN_UNREACHABLE_CODE = YES;
				CLANG_WARN__DUPLICATE_METHOD_MATCH = YES;
				"CODE_SIGN_IDENTITY[sdk=iphoneos*]" = "iPhone Developer";
				COPY_PHASE_STRIP = NO;
				DEBUG_INFORMATION_FORMAT = "dwarf-with-dsym";
				ENABLE_NS_ASSERTIONS = NO;
				ENABLE_STRICT_OBJC_MSGSEND = YES;
				GCC_C_LANGUAGE_STANDARD = gnu99;
				GCC_NO_COMMON_BLOCKS = YES;
				GCC_WARN_64_TO_32_BIT_CONVERSION = YES;
				GCC_WARN_ABOUT_RETURN_TYPE = YES_ERROR;
				GCC_WARN_UNDECLARED_SELECTOR = YES;
				GCC_WARN_UNINITIALIZED_AUTOS = YES_AGGRESSIVE;
				GCC_WARN_UNUSED_FUNCTION = YES;
				GCC_WARN_UNUSED_VARIABLE = YES;
				IPHONEOS_DEPLOYMENT_TARGET = 9.1;
				MTL_ENABLE_DEBUG_INFO = NO;
				SDKROOT = iphoneos;
				VALIDATE_PRODUCT = YES;
			};
			name = Release;
		};
		74C527281C51BB8E003512C4 /* Debug */ = {
			isa = XCBuildConfiguration;
			buildSettings = {
				ASSETCATALOG_COMPILER_APPICON_NAME = AppIcon;
				INFOPLIST_FILE = CircleScrollView/Info.plist;
				LD_RUNPATH_SEARCH_PATHS = "$(inherited) @executable_path/Frameworks";
				PRODUCT_BUNDLE_IDENTIFIER = com.iphoneblank.CircleScrollView;
				PRODUCT_NAME = "$(TARGET_NAME)";
			};
			name = Debug;
		};
		74C527291C51BB8E003512C4 /* Release */ = {
			isa = XCBuildConfiguration;
			buildSettings = {
				ASSETCATALOG_COMPILER_APPICON_NAME = AppIcon;
				INFOPLIST_FILE = CircleScrollView/Info.plist;
				LD_RUNPATH_SEARCH_PATHS = "$(inherited) @executable_path/Frameworks";
				PRODUCT_BUNDLE_IDENTIFIER = com.iphoneblank.CircleScrollView;
				PRODUCT_NAME = "$(TARGET_NAME)";
			};
			name = Release;
		};
		74C5272B1C51BB8E003512C4 /* Debug */ = {
			isa = XCBuildConfiguration;
			buildSettings = {
				BUNDLE_LOADER = "$(TEST_HOST)";
				INFOPLIST_FILE = CircleScrollViewTests/Info.plist;
				LD_RUNPATH_SEARCH_PATHS = "$(inherited) @executable_path/Frameworks @loader_path/Frameworks";
				PRODUCT_BUNDLE_IDENTIFIER = com.iphoneblank.CircleScrollViewTests;
				PRODUCT_NAME = "$(TARGET_NAME)";
				TEST_HOST = "$(BUILT_PRODUCTS_DIR)/CircleScrollView.app/CircleScrollView";
			};
			name = Debug;
		};
		74C5272C1C51BB8E003512C4 /* Release */ = {
			isa = XCBuildConfiguration;
			buildSettings = {
				BUNDLE_LOADER = "$(TEST_HOST)";
				INFOPLIST_FILE = CircleScrollViewTests/Info.plist;
				LD_RUNPATH_SEARCH_PATHS = "$(inherited) @executable_path/Frameworks @loader_path/Frameworks";
				PRODUCT_BUNDLE_IDENTIFIER = com.iphoneblank.CircleScrollViewTests;
				PRODUCT_NAME = "$(TARGET_NAME)";
				TEST_HOST = "$(BUILT_PRODUCTS_DIR)/CircleScrollView.app/CircleScrollView";
			};
			name = Release;
		};
		74C5272E1C51BB8E003512C4 /* Debug */ = {
			isa = XCBuildConfiguration;
			buildSettings = {
				INFOPLIST_FILE = CircleScrollViewUITests/Info.plist;
				LD_RUNPATH_SEARCH_PATHS = "$(inherited) @executable_path/Frameworks @loader_path/Frameworks";
				PRODUCT_BUNDLE_IDENTIFIER = com.iphoneblank.CircleScrollViewUITests;
				PRODUCT_NAME = "$(TARGET_NAME)";
				TEST_TARGET_NAME = CircleScrollView;
				USES_XCTRUNNER = YES;
			};
			name = Debug;
		};
		74C5272F1C51BB8E003512C4 /* Release */ = {
			isa = XCBuildConfiguration;
			buildSettings = {
				INFOPLIST_FILE = CircleScrollViewUITests/Info.plist;
				LD_RUNPATH_SEARCH_PATHS = "$(inherited) @executable_path/Frameworks @loader_path/Frameworks";
				PRODUCT_BUNDLE_IDENTIFIER = com.iphoneblank.CircleScrollViewUITests;
				PRODUCT_NAME = "$(TARGET_NAME)";
				TEST_TARGET_NAME = CircleScrollView;
				USES_XCTRUNNER = YES;
			};
			name = Release;
		};
/* End XCBuildConfiguration section */

/* Begin XCConfigurationList section */
		74C526F51C51BB8D003512C4 /* Build configuration list for PBXProject "CircleScrollView" */ = {
			isa = XCConfigurationList;
			buildConfigurations = (
				74C527251C51BB8E003512C4 /* Debug */,
				74C527261C51BB8E003512C4 /* Release */,
			);
			defaultConfigurationIsVisible = 0;
			defaultConfigurationName = Release;
		};
		74C527271C51BB8E003512C4 /* Build configuration list for PBXNativeTarget "CircleScrollView" */ = {
			isa = XCConfigurationList;
			buildConfigurations = (
				74C527281C51BB8E003512C4 /* Debug */,
				74C527291C51BB8E003512C4 /* Release */,
			);
			defaultConfigurationIsVisible = 0;
		};
		74C5272A1C51BB8E003512C4 /* Build configuration list for PBXNativeTarget "CircleScrollViewTests" */ = {
			isa = XCConfigurationList;
			buildConfigurations = (
				74C5272B1C51BB8E003512C4 /* Debug */,
				74C5272C1C51BB8E003512C4 /* Release */,
			);
			defaultConfigurationIsVisible = 0;
		};
		74C5272D1C51BB8E003512C4 /* Build configuration list for PBXNativeTarget "CircleScrollViewUITests" */ = {
			isa = XCConfigurationList;
			buildConfigurations = (
				74C5272E1C51BB8E003512C4 /* Debug */,
				74C5272F1C51BB8E003512C4 /* Release */,
			);
			defaultConfigurationIsVisible = 0;
		};
/* End XCConfigurationList section */
	};
	rootObject = 74C526F21C51BB8D003512C4 /* Project object */;
}
