// !$*UTF8*$!
{
	archiveVersion = 1;
	classes = {
	};
	objectVersion = 46;
	objects = {

/* Begin PBXBuildFile section */
		F9CFC99B1C34C1C200AE7255 /* main.m in Sources */ = {isa = PBXBuildFile; fileRef = F9CFC99A1C34C1C200AE7255 /* main.m */; };
		F9CFC9A31C34C1CE00AE7255 /* Hero.m in Sources */ = {isa = PBXBuildFile; fileRef = F9CFC9A21C34C1CE00AE7255 /* Hero.m */; };
		F9CFC9A61C34C1DA00AE7255 /* Player.m in Sources */ = {isa = PBXBuildFile; fileRef = F9CFC9A51C34C1DA00AE7255 /* Player.m */; };
/* End PBXBuildFile section */

/* Begin PBXCopyFilesBuildPhase section */
		F9CFC9951C34C1C200AE7255 /* CopyFiles */ = {
			isa = PBXCopyFilesBuildPhase;
			buildActionMask = 2147483647;
			dstPath = /usr/share/man/man1/;
			dstSubfolderSpec = 0;
			files = (
			);
			runOnlyForDeploymentPostprocessing = 1;
		};
/* End PBXCopyFilesBuildPhase section */

/* Begin PBXFileReference section */
		F9CFC9971C34C1C200AE7255 /* 08-代理设计模式练习 */ = {isa = PBXFileReference; explicitFileType = "compiled.mach-o.executable"; includeInIndex = 0; path = "08-代理设计模式练习"; sourceTree = BUILT_PRODUCTS_DIR; };
		F9CFC99A1C34C1C200AE7255 /* main.m */ = {isa = PBXFileReference; lastKnownFileType = sourcecode.c.objc; path = main.m; sourceTree = "<group>"; };
		F9CFC9A11C34C1CE00AE7255 /* Hero.h */ = {isa = PBXFileReference; fileEncoding = 4; lastKnownFileType = sourcecode.c.h; path = Hero.h; sourceTree = "<group>"; };
		F9CFC9A21C34C1CE00AE7255 /* Hero.m */ = {isa = PBXFileReference; fileEncoding = 4; lastKnownFileType = sourcecode.c.objc; path = Hero.m; sourceTree = "<group>"; };
		F9CFC9A41C34C1DA00AE7255 /* Player.h */ = {isa = PBXFileReference; fileEncoding = 4; lastKnownFileType = sourcecode.c.h; path = Player.h; sourceTree = "<group>"; };
		F9CFC9A51C34C1DA00AE7255 /* Player.m */ = {isa = PBXFileReference; fileEncoding = 4; lastKnownFileType = sourcecode.c.objc; path = Player.m; sourceTree = "<group>"; };
/* End PBXFileReference section */

/* Begin PBXFrameworksBuildPhase section */
		F9CFC9941C34C1C200AE7255 /* Frameworks */ = {
			isa = PBXFrameworksBuildPhase;
			buildActionMask = 2147483647;
			files = (
			);
			runOnlyForDeploymentPostprocessing = 0;
		};
/* End PBXFrameworksBuildPhase section */

/* Begin PBXGroup section */
		F9CFC98E1C34C1C200AE7255 = {
			isa = PBXGroup;
			children = (
				F9CFC9991C34C1C200AE7255 /* 08-代理设计模式练习 */,
				F9CFC9981C34C1C200AE7255 /* Products */,
			);
			sourceTree = "<group>";
		};
		F9CFC9981C34C1C200AE7255 /* Products */ = {
			isa = PBXGroup;
			children = (
				F9CFC9971C34C1C200AE7255 /* 08-代理设计模式练习 */,
			);
			name = Products;
			sourceTree = "<group>";
		};
		F9CFC9991C34C1C200AE7255 /* 08-代理设计模式练习 */ = {
			isa = PBXGroup;
			children = (
				F9CFC99A1C34C1C200AE7255 /* main.m */,
				F9CFC9A11C34C1CE00AE7255 /* Hero.h */,
				F9CFC9A21C34C1CE00AE7255 /* Hero.m */,
				F9CFC9A41C34C1DA00AE7255 /* Player.h */,
				F9CFC9A51C34C1DA00AE7255 /* Player.m */,
			);
			path = "08-代理设计模式练习";
			sourceTree = "<group>";
		};
/* End PBXGroup section */

/* Begin PBXNativeTarget section */
		F9CFC9961C34C1C200AE7255 /* 08-代理设计模式练习 */ = {
			isa = PBXNativeTarget;
			buildConfigurationList = F9CFC99E1C34C1C200AE7255 /* Build configuration list for PBXNativeTarget "08-代理设计模式练习" */;
			buildPhases = (
				F9CFC9931C34C1C200AE7255 /* Sources */,
				F9CFC9941C34C1C200AE7255 /* Frameworks */,
				F9CFC9951C34C1C200AE7255 /* CopyFiles */,
			);
			buildRules = (
			);
			dependencies = (
			);
			name = "08-代理设计模式练习";
			productName = "08-代理设计模式练习";
			productReference = F9CFC9971C34C1C200AE7255 /* 08-代理设计模式练习 */;
			productType = "com.apple.product-type.tool";
		};
/* End PBXNativeTarget section */

/* Begin PBXProject section */
		F9CFC98F1C34C1C200AE7255 /* Project object */ = {
			isa = PBXProject;
			attributes = {
				LastUpgradeCheck = 0710;
				ORGANIZATIONNAME = "十安科技";
				TargetAttributes = {
					F9CFC9961C34C1C200AE7255 = {
						CreatedOnToolsVersion = 7.1.1;
					};
				};
			};
			buildConfigurationList = F9CFC9921C34C1C200AE7255 /* Build configuration list for PBXProject "08-代理设计模式练习" */;
			compatibilityVersion = "Xcode 3.2";
			developmentRegion = English;
			hasScannedForEncodings = 0;
			knownRegions = (
				en,
			);
			mainGroup = F9CFC98E1C34C1C200AE7255;
			productRefGroup = F9CFC9981C34C1C200AE7255 /* Products */;
			projectDirPath = "";
			projectRoot = "";
			targets = (
				F9CFC9961C34C1C200AE7255 /* 08-代理设计模式练习 */,
			);
		};
/* End PBXProject section */

/* Begin PBXSourcesBuildPhase section */
		F9CFC9931C34C1C200AE7255 /* Sources */ = {
			isa = PBXSourcesBuildPhase;
			buildActionMask = 2147483647;
			files = (
				F9CFC99B1C34C1C200AE7255 /* main.m in Sources */,
				F9CFC9A61C34C1DA00AE7255 /* Player.m in Sources */,
				F9CFC9A31C34C1CE00AE7255 /* Hero.m in Sources */,
			);
			runOnlyForDeploymentPostprocessing = 0;
		};
/* End PBXSourcesBuildPhase section */

/* Begin XCBuildConfiguration section */
		F9CFC99C1C34C1C200AE7255 /* Debug */ = {
			isa = XCBuildConfiguration;
			buildSettings = {
				ALWAYS_SEARCH_USER_PATHS = NO;
				CLANG_CXX_LANGUAGE_STANDARD = "gnu++0x";
				CLANG_CXX_LIBRARY = "libc++";
				CLANG_ENABLE_MODULES = YES;
				CLANG_ENABLE_OBJC_ARC = YES;
				CLANG_WARN_BOOL_CONVERSION = YES;
				CLANG_WARN_CONSTANT_CONVERSION = YES;
				CLANG_WARN_DIRECT_OBJC_ISA_USAGE = YES_ERROR;
				CLANG_WARN_EMPTY_BODY = YES;
				CLANG_WARN_ENUM_CONVERSION = YES;
				CLANG_WARN_INT_CONVERSION = YES;
				CLANG_WARN_OBJC_ROOT_CLASS = YES_ERROR;
				CLANG_WARN_UNREACHABLE_CODE = YES;
				CLANG_WARN__DUPLICATE_METHOD_MATCH = YES;
				CODE_SIGN_IDENTITY = "-";
				COPY_PHASE_STRIP = NO;
				DEBUG_INFORMATION_FORMAT = dwarf;
				ENABLE_STRICT_OBJC_MSGSEND = YES;
				ENABLE_TESTABILITY = YES;
				GCC_C_LANGUAGE_STANDARD = gnu99;
				GCC_DYNAMIC_NO_PIC = NO;
				GCC_NO_COMMON_BLOCKS = YES;
				GCC_OPTIMIZATION_LEVEL = 0;
				GCC_PREPROCESSOR_DEFINITIONS = (
					"DEBUG=1",
					"$(inherited)",
				);
				GCC_WARN_64_TO_32_BIT_CONVERSION = YES;
				GCC_WARN_ABOUT_RETURN_TYPE = YES_ERROR;
				GCC_WARN_UNDECLARED_SELECTOR = YES;
				GCC_WARN_UNINITIALIZED_AUTOS = YES_AGGRESSIVE;
				GCC_WARN_UNUSED_FUNCTION = YES;
				GCC_WARN_UNUSED_VARIABLE = YES;
				MACOSX_DEPLOYMENT_TARGET = 10.10;
				MTL_ENABLE_DEBUG_INFO = YES;
				ONLY_ACTIVE_ARCH = YES;
				SDKROOT = macosx;
			};
			name = Debug;
		};
		F9CFC99D1C34C1C200AE7255 /* Release */ = {
			isa = XCBuildConfiguration;
			buildSettings = {
				ALWAYS_SEARCH_USER_PATHS = NO;
				CLANG_CXX_LANGUAGE_STANDARD = "gnu++0x";
				CLANG_CXX_LIBRARY = "libc++";
				CLANG_ENABLE_MODULES = YES;
				CLANG_ENABLE_OBJC_ARC = YES;
				CLANG_WARN_BOOL_CONVERSION = YES;
				CLANG_WARN_CONSTANT_CONVERSION = YES;
				CLANG_WARN_DIRECT_OBJC_ISA_USAGE = YES_ERROR;
				CLANG_WARN_EMPTY_BODY = YES;
				CLANG_WARN_ENUM_CONVERSION = YES;
				CLANG_WARN_INT_CONVERSION = YES;
				CLANG_WARN_OBJC_ROOT_CLASS = YES_ERROR;
				CLANG_WARN_UNREACHABLE_CODE = YES;
				CLANG_WARN__DUPLICATE_METHOD_MATCH = YES;
				CODE_SIGN_IDENTITY = "-";
				COPY_PHASE_STRIP = NO;
				DEBUG_INFORMATION_FORMAT = "dwarf-with-dsym";
				ENABLE_NS_ASSERTIONS = NO;
				ENABLE_STRICT_OBJC_MSGSEND = YES;
				GCC_C_LANGUAGE_STANDARD = gnu99;
				GCC_NO_COMMON_BLOCKS = YES;
				GCC_WARN_64_TO_32_BIT_CONVERSION = YES;
				GCC_WARN_ABOUT_RETURN_TYPE = YES_ERROR;
				GCC_WARN_UNDECLARED_SELECTOR = YES;
				GCC_WARN_UNINITIALIZED_AUTOS = YES_AGGRESSIVE;
				GCC_WARN_UNUSED_FUNCTION = YES;
				GCC_WARN_UNUSED_VARIABLE = YES;
				MACOSX_DEPLOYMENT_TARGET = 10.10;
				MTL_ENABLE_DEBUG_INFO = NO;
				SDKROOT = macosx;
			};
			name = Release;
		};
		F9CFC99F1C34C1C200AE7255 /* Debug */ = {
			isa = XCBuildConfiguration;
			buildSettings = {
				PRODUCT_NAME = "$(TARGET_NAME)";
			};
			name = Debug;
		};
		F9CFC9A01C34C1C200AE7255 /* Release */ = {
			isa = XCBuildConfiguration;
			buildSettings = {
				PRODUCT_NAME = "$(TARGET_NAME)";
			};
			name = Release;
		};
/* End XCBuildConfiguration section */

/* Begin XCConfigurationList section */
		F9CFC9921C34C1C200AE7255 /* Build configuration list for PBXProject "08-代理设计模式练习" */ = {
			isa = XCConfigurationList;
			buildConfigurations = (
				F9CFC99C1C34C1C200AE7255 /* Debug */,
				F9CFC99D1C34C1C200AE7255 /* Release */,
			);
			defaultConfigurationIsVisible = 0;
			defaultConfigurationName = Release;
		};
		F9CFC99E1C34C1C200AE7255 /* Build configuration list for PBXNativeTarget "08-代理设计模式练习" */ = {
			isa = XCConfigurationList;
			buildConfigurations = (
				F9CFC99F1C34C1C200AE7255 /* Debug */,
				F9CFC9A01C34C1C200AE7255 /* Release */,
			);
			defaultConfigurationIsVisible = 0;
		};
/* End XCConfigurationList section */
	};
	rootObject = F9CFC98F1C34C1C200AE7255 /* Project object */;
}
